// !$*UTF8*$!
{
	archiveVersion = 1;
	classes = {
	};
	objectVersion = 51;
	objects = {

/* Begin PBXBuildFile section */
		1458D1662324D4310044E422 /* AppDelegate.swift in Sources */ = {isa = PBXBuildFile; fileRef = 1458D1652324D4310044E422 /* AppDelegate.swift */; };
		1458D1682324D4310044E422 /* ViewController.swift in Sources */ = {isa = PBXBuildFile; fileRef = 1458D1672324D4310044E422 /* ViewController.swift */; };
		1458D16D2324D4320044E422 /* Assets.xcassets in Resources */ = {isa = PBXBuildFile; fileRef = 1458D16C2324D4320044E422 /* Assets.xcassets */; };
		1458D1702324D4320044E422 /* LaunchScreen.storyboard in Resources */ = {isa = PBXBuildFile; fileRef = 1458D16E2324D4320044E422 /* LaunchScreen.storyboard */; };
		1458D17B232606CC0044E422 /* UIColor+Extension.swift in Sources */ = {isa = PBXBuildFile; fileRef = 1458D17A232606CC0044E422 /* UIColor+Extension.swift */; };
		1458D17D23260C090044E422 /* View+Extension.swift in Sources */ = {isa = PBXBuildFile; fileRef = 1458D17C23260C090044E422 /* View+Extension.swift */; };
		1458D17F23260D360044E422 /* GoogleService-Info.plist in Resources */ = {isa = PBXBuildFile; fileRef = 1458D17E23260D360044E422 /* GoogleService-Info.plist */; };
		14C276C1232A0A2200D2E3F1 /* MainTabBarController.swift in Sources */ = {isa = PBXBuildFile; fileRef = 14C276C0232A0A2200D2E3F1 /* MainTabBarController.swift */; };
		14C276C3232A0C8100D2E3F1 /* UserProfileController.swift in Sources */ = {isa = PBXBuildFile; fileRef = 14C276C2232A0C8100D2E3F1 /* UserProfileController.swift */; };
		14C276C7232EFB6A00D2E3F1 /* UserProfileHeader.swift in Sources */ = {isa = PBXBuildFile; fileRef = 14C276C6232EFB6A00D2E3F1 /* UserProfileHeader.swift */; };
		41C2F23D12FD5EF683793964 /* Pods_InstagramFireBase.framework in Frameworks */ = {isa = PBXBuildFile; fileRef = 7CE05053C73761C4E00B4239 /* Pods_InstagramFireBase.framework */; };
/* End PBXBuildFile section */

/* Begin PBXFileReference section */
		1458D1622324D4310044E422 /* InstagramFireBase.app */ = {isa = PBXFileReference; explicitFileType = wrapper.application; includeInIndex = 0; path = InstagramFireBase.app; sourceTree = BUILT_PRODUCTS_DIR; };
		1458D1652324D4310044E422 /* AppDelegate.swift */ = {isa = PBXFileReference; lastKnownFileType = sourcecode.swift; path = AppDelegate.swift; sourceTree = "<group>"; };
		1458D1672324D4310044E422 /* ViewController.swift */ = {isa = PBXFileReference; lastKnownFileType = sourcecode.swift; path = ViewController.swift; sourceTree = "<group>"; };
		1458D16C2324D4320044E422 /* Assets.xcassets */ = {isa = PBXFileReference; lastKnownFileType = folder.assetcatalog; path = Assets.xcassets; sourceTree = "<group>"; };
		1458D16F2324D4320044E422 /* Base */ = {isa = PBXFileReference; lastKnownFileType = file.storyboard; name = Base; path = Base.lproj/LaunchScreen.storyboard; sourceTree = "<group>"; };
		1458D1712324D4320044E422 /* Info.plist */ = {isa = PBXFileReference; lastKnownFileType = text.plist.xml; path = Info.plist; sourceTree = "<group>"; };
		1458D17A232606CC0044E422 /* UIColor+Extension.swift */ = {isa = PBXFileReference; lastKnownFileType = sourcecode.swift; path = "UIColor+Extension.swift"; sourceTree = "<group>"; };
		1458D17C23260C090044E422 /* View+Extension.swift */ = {isa = PBXFileReference; lastKnownFileType = sourcecode.swift; path = "View+Extension.swift"; sourceTree = "<group>"; };
		1458D17E23260D360044E422 /* GoogleService-Info.plist */ = {isa = PBXFileReference; fileEncoding = 4; lastKnownFileType = text.plist.xml; path = "GoogleService-Info.plist"; sourceTree = "<group>"; };
		14C276C0232A0A2200D2E3F1 /* MainTabBarController.swift */ = {isa = PBXFileReference; lastKnownFileType = sourcecode.swift; path = MainTabBarController.swift; sourceTree = "<group>"; };
		14C276C2232A0C8100D2E3F1 /* UserProfileController.swift */ = {isa = PBXFileReference; lastKnownFileType = sourcecode.swift; path = UserProfileController.swift; sourceTree = "<group>"; };
		14C276C6232EFB6A00D2E3F1 /* UserProfileHeader.swift */ = {isa = PBXFileReference; lastKnownFileType = sourcecode.swift; path = UserProfileHeader.swift; sourceTree = "<group>"; };
		7CE05053C73761C4E00B4239 /* Pods_InstagramFireBase.framework */ = {isa = PBXFileReference; explicitFileType = wrapper.framework; includeInIndex = 0; path = Pods_InstagramFireBase.framework; sourceTree = BUILT_PRODUCTS_DIR; };
		CF9BD84226D7D3E985FF7CEE /* Pods-InstagramFireBase.release.xcconfig */ = {isa = PBXFileReference; includeInIndex = 1; lastKnownFileType = text.xcconfig; name = "Pods-InstagramFireBase.release.xcconfig"; path = "Target Support Files/Pods-InstagramFireBase/Pods-InstagramFireBase.release.xcconfig"; sourceTree = "<group>"; };
		D55F870E3CB4180547774332 /* Pods-InstagramFireBase.debug.xcconfig */ = {isa = PBXFileReference; includeInIndex = 1; lastKnownFileType = text.xcconfig; name = "Pods-InstagramFireBase.debug.xcconfig"; path = "Target Support Files/Pods-InstagramFireBase/Pods-InstagramFireBase.debug.xcconfig"; sourceTree = "<group>"; };
/* End PBXFileReference section */

/* Begin PBXFrameworksBuildPhase section */
		1458D15F2324D4310044E422 /* Frameworks */ = {
			isa = PBXFrameworksBuildPhase;
			buildActionMask = 2147483647;
			files = (
				41C2F23D12FD5EF683793964 /* Pods_InstagramFireBase.framework in Frameworks */,
			);
			runOnlyForDeploymentPostprocessing = 0;
		};
/* End PBXFrameworksBuildPhase section */

/* Begin PBXGroup section */
		1458D1592324D4310044E422 = {
			isa = PBXGroup;
			children = (
				1458D1642324D4310044E422 /* InstagramFireBase */,
				1458D1632324D4310044E422 /* Products */,
				4BD03631C94180C2DF2E4747 /* Pods */,
				54F52070E7500D85DB216312 /* Frameworks */,
			);
			sourceTree = "<group>";
		};
		1458D1632324D4310044E422 /* Products */ = {
			isa = PBXGroup;
			children = (
				1458D1622324D4310044E422 /* InstagramFireBase.app */,
			);
			name = Products;
			sourceTree = "<group>";
		};
		1458D1642324D4310044E422 /* InstagramFireBase */ = {
			isa = PBXGroup;
			children = (
				14C276C5232EFB4F00D2E3F1 /* UerProfile */,
				1458D177232606970044E422 /* Utils */,
				1458D1652324D4310044E422 /* AppDelegate.swift */,
				14C276C0232A0A2200D2E3F1 /* MainTabBarController.swift */,
				1458D1672324D4310044E422 /* ViewController.swift */,
				1458D17E23260D360044E422 /* GoogleService-Info.plist */,
				1458D16C2324D4320044E422 /* Assets.xcassets */,
				1458D16E2324D4320044E422 /* LaunchScreen.storyboard */,
				1458D1712324D4320044E422 /* Info.plist */,
				14C276C2232A0C8100D2E3F1 /* UserProfileController.swift */,
			);
			path = InstagramFireBase;
			sourceTree = "<group>";
		};
		1458D177232606970044E422 /* Utils */ = {
			isa = PBXGroup;
			children = (
				1458D17A232606CC0044E422 /* UIColor+Extension.swift */,
				1458D17C23260C090044E422 /* View+Extension.swift */,
			);
			path = Utils;
			sourceTree = "<group>";
		};
		14C276C5232EFB4F00D2E3F1 /* UerProfile */ = {
			isa = PBXGroup;
			children = (
				14C276C6232EFB6A00D2E3F1 /* UserProfileHeader.swift */,
			);
			path = UerProfile;
			sourceTree = "<group>";
		};
		4BD03631C94180C2DF2E4747 /* Pods */ = {
			isa = PBXGroup;
			children = (
				D55F870E3CB4180547774332 /* Pods-InstagramFireBase.debug.xcconfig */,
				CF9BD84226D7D3E985FF7CEE /* Pods-InstagramFireBase.release.xcconfig */,
			);
			path = Pods;
			sourceTree = "<group>";
		};
		54F52070E7500D85DB216312 /* Frameworks */ = {
			isa = PBXGroup;
			children = (
				7CE05053C73761C4E00B4239 /* Pods_InstagramFireBase.framework */,
			);
			name = Frameworks;
			sourceTree = "<group>";
		};
/* End PBXGroup section */

/* Begin PBXNativeTarget section */
		1458D1612324D4310044E422 /* InstagramFireBase */ = {
			isa = PBXNativeTarget;
			buildConfigurationList = 1458D1742324D4320044E422 /* Build configuration list for PBXNativeTarget "InstagramFireBase" */;
			buildPhases = (
				ACD8BD3CEE9B9A3FEBC7CAF3 /* [CP] Check Pods Manifest.lock */,
				1458D15E2324D4310044E422 /* Sources */,
				1458D15F2324D4310044E422 /* Frameworks */,
				1458D1602324D4310044E422 /* Resources */,
				6758F2A84301ADA205C37875 /* [CP] Embed Pods Frameworks */,
			);
			buildRules = (
			);
			dependencies = (
			);
			name = InstagramFireBase;
			productName = InstagramFireBase;
			productReference = 1458D1622324D4310044E422 /* InstagramFireBase.app */;
			productType = "com.apple.product-type.application";
		};
/* End PBXNativeTarget section */

/* Begin PBXProject section */
		1458D15A2324D4310044E422 /* Project object */ = {
			isa = PBXProject;
			attributes = {
				LastSwiftUpdateCheck = 1030;
				LastUpgradeCheck = 1030;
				ORGANIZATIONNAME = "Hawk Song";
				TargetAttributes = {
					1458D1612324D4310044E422 = {
						CreatedOnToolsVersion = 10.3;
					};
				};
			};
			buildConfigurationList = 1458D15D2324D4310044E422 /* Build configuration list for PBXProject "InstagramFireBase" */;
			compatibilityVersion = "Xcode 9.3";
			developmentRegion = en;
			hasScannedForEncodings = 0;
			knownRegions = (
				en,
				Base,
			);
			mainGroup = 1458D1592324D4310044E422;
			productRefGroup = 1458D1632324D4310044E422 /* Products */;
			projectDirPath = "";
			projectRoot = "";
			targets = (
				1458D1612324D4310044E422 /* InstagramFireBase */,
			);
		};
/* End PBXProject section */

/* Begin PBXResourcesBuildPhase section */
		1458D1602324D4310044E422 /* Resources */ = {
			isa = PBXResourcesBuildPhase;
			buildActionMask = 2147483647;
			files = (
				1458D1702324D4320044E422 /* LaunchScreen.storyboard in Resources */,
				1458D16D2324D4320044E422 /* Assets.xcassets in Resources */,
				1458D17F23260D360044E422 /* GoogleService-Info.plist in Resources */,
			);
			runOnlyForDeploymentPostprocessing = 0;
		};
/* End PBXResourcesBuildPhase section */

/* Begin PBXShellScriptBuildPhase section */
		6758F2A84301ADA205C37875 /* [CP] Embed Pods Frameworks */ = {
			isa = PBXShellScriptBuildPhase;
			buildActionMask = 2147483647;
			files = (
			);
			inputFileListPaths = (
				"${PODS_ROOT}/Target Support Files/Pods-InstagramFireBase/Pods-InstagramFireBase-frameworks-${CONFIGURATION}-input-files.xcfilelist",
			);
			name = "[CP] Embed Pods Frameworks";
			outputFileListPaths = (
				"${PODS_ROOT}/Target Support Files/Pods-InstagramFireBase/Pods-InstagramFireBase-frameworks-${CONFIGURATION}-output-files.xcfilelist",
			);
			runOnlyForDeploymentPostprocessing = 0;
			shellPath = /bin/sh;
			shellScript = "\"${PODS_ROOT}/Target Support Files/Pods-InstagramFireBase/Pods-InstagramFireBase-frameworks.sh\"\n";
			showEnvVarsInLog = 0;
		};
		ACD8BD3CEE9B9A3FEBC7CAF3 /* [CP] Check Pods Manifest.lock */ = {
			isa = PBXShellScriptBuildPhase;
			buildActionMask = 2147483647;
			files = (
			);
			inputFileListPaths = (
			);
			inputPaths = (
				"${PODS_PODFILE_DIR_PATH}/Podfile.lock",
				"${PODS_ROOT}/Manifest.lock",
			);
			name = "[CP] Check Pods Manifest.lock";
			outputFileListPaths = (
			);
			outputPaths = (
				"$(DERIVED_FILE_DIR)/Pods-InstagramFireBase-checkManifestLockResult.txt",
			);
			runOnlyForDeploymentPostprocessing = 0;
			shellPath = /bin/sh;
			shellScript = "diff \"${PODS_PODFILE_DIR_PATH}/Podfile.lock\" \"${PODS_ROOT}/Manifest.lock\" > /dev/null\nif [ $? != 0 ] ; then\n    # print error to STDERR\n    echo \"error: The sandbox is not in sync with the Podfile.lock. Run 'pod install' or update your CocoaPods installation.\" >&2\n    exit 1\nfi\n# This output is used by Xcode 'outputs' to avoid re-running this script phase.\necho \"SUCCESS\" > \"${SCRIPT_OUTPUT_FILE_0}\"\n";
			showEnvVarsInLog = 0;
		};
/* End PBXShellScriptBuildPhase section */

/* Begin PBXSourcesBuildPhase section */
		1458D15E2324D4310044E422 /* Sources */ = {
			isa = PBXSourcesBuildPhase;
			buildActionMask = 2147483647;
			files = (
				1458D17B232606CC0044E422 /* UIColor+Extension.swift in Sources */,
				14C276C7232EFB6A00D2E3F1 /* UserProfileHeader.swift in Sources */,
				1458D1682324D4310044E422 /* ViewController.swift in Sources */,
				14C276C3232A0C8100D2E3F1 /* UserProfileController.swift in Sources */,
				14C276C1232A0A2200D2E3F1 /* MainTabBarController.swift in Sources */,
				1458D17D23260C090044E422 /* View+Extension.swift in Sources */,
				1458D1662324D4310044E422 /* AppDelegate.swift in Sources */,
			);
			runOnlyForDeploymentPostprocessing = 0;
		};
/* End PBXSourcesBuildPhase section */

/* Begin PBXVariantGroup section */
		1458D16E2324D4320044E422 /* LaunchScreen.storyboard */ = {
			isa = PBXVariantGroup;
			children = (
				1458D16F2324D4320044E422 /* Base */,
			);
			name = LaunchScreen.storyboard;
			sourceTree = "<group>";
		};
/* End PBXVariantGroup section */

/* Begin XCBuildConfiguration section */
		1458D1722324D4320044E422 /* Debug */ = {
			isa = XCBuildConfiguration;
			buildSettings = {
				ALWAYS_SEARCH_USER_PATHS = NO;
				CLANG_ANALYZER_NONNULL = YES;
				CLANG_ANALYZER_NUMBER_OBJECT_CONVERSION = YES_AGGRESSIVE;
				CLANG_CXX_LANGUAGE_STANDARD = "gnu++14";
				CLANG_CXX_LIBRARY = "libc++";
				CLANG_ENABLE_MODULES = YES;
				CLANG_ENABLE_OBJC_ARC = YES;
				CLANG_ENABLE_OBJC_WEAK = YES;
				CLANG_WARN_BLOCK_CAPTURE_AUTORELEASING = YES;
				CLANG_WARN_BOOL_CONVERSION = YES;
				CLANG_WARN_COMMA = YES;
				CLANG_WARN_CONSTANT_CONVERSION = YES;
				CLANG_WARN_DEPRECATED_OBJC_IMPLEMENTATIONS = YES;
				CLANG_WARN_DIRECT_OBJC_ISA_USAGE = YES_ERROR;
				CLANG_WARN_DOCUMENTATION_COMMENTS = YES;
				CLANG_WARN_EMPTY_BODY = YES;
				CLANG_WARN_ENUM_CONVERSION = YES;
				CLANG_WARN_INFINITE_RECURSION = YES;
				CLANG_WARN_INT_CONVERSION = YES;
				CLANG_WARN_NON_LITERAL_NULL_CONVERSION = YES;
				CLANG_WARN_OBJC_IMPLICIT_RETAIN_SELF = YES;
				CLANG_WARN_OBJC_LITERAL_CONVERSION = YES;
				CLANG_WARN_OBJC_ROOT_CLASS = YES_ERROR;
				CLANG_WARN_RANGE_LOOP_ANALYSIS = YES;
				CLANG_WARN_STRICT_PROTOTYPES = YES;
				CLANG_WARN_SUSPICIOUS_MOVE = YES;
				CLANG_WARN_UNGUARDED_AVAILABILITY = YES_AGGRESSIVE;
				CLANG_WARN_UNREACHABLE_CODE = YES;
				CLANG_WARN__DUPLICATE_METHOD_MATCH = YES;
				CODE_SIGN_IDENTITY = "iPhone Developer";
				COPY_PHASE_STRIP = NO;
				DEBUG_INFORMATION_FORMAT = dwarf;
				ENABLE_STRICT_OBJC_MSGSEND = YES;
				ENABLE_TESTABILITY = YES;
				GCC_C_LANGUAGE_STANDARD = gnu11;
				GCC_DYNAMIC_NO_PIC = NO;
				GCC_NO_COMMON_BLOCKS = YES;
				GCC_OPTIMIZATION_LEVEL = 0;
				GCC_PREPROCESSOR_DEFINITIONS = (
					"DEBUG=1",
					"$(inherited)",
				);
				GCC_WARN_64_TO_32_BIT_CONVERSION = YES;
				GCC_WARN_ABOUT_RETURN_TYPE = YES_ERROR;
				GCC_WARN_UNDECLARED_SELECTOR = YES;
				GCC_WARN_UNINITIALIZED_AUTOS = YES_AGGRESSIVE;
				GCC_WARN_UNUSED_FUNCTION = YES;
				GCC_WARN_UNUSED_VARIABLE = YES;
				IPHONEOS_DEPLOYMENT_TARGET = 12.4;
				MTL_ENABLE_DEBUG_INFO = INCLUDE_SOURCE;
				MTL_FAST_MATH = YES;
				ONLY_ACTIVE_ARCH = YES;
				SDKROOT = iphoneos;
				SWIFT_ACTIVE_COMPILATION_CONDITIONS = DEBUG;
				SWIFT_OPTIMIZATION_LEVEL = "-Onone";
			};
			name = Debug;
		};
		1458D1732324D4320044E422 /* Release */ = {
			isa = XCBuildConfiguration;
			buildSettings = {
				ALWAYS_SEARCH_USER_PATHS = NO;
				CLANG_ANALYZER_NONNULL = YES;
				CLANG_ANALYZER_NUMBER_OBJECT_CONVERSION = YES_AGGRESSIVE;
				CLANG_CXX_LANGUAGE_STANDARD = "gnu++14";
				CLANG_CXX_LIBRARY = "libc++";
				CLANG_ENABLE_MODULES = YES;
				CLANG_ENABLE_OBJC_ARC = YES;
				CLANG_ENABLE_OBJC_WEAK = YES;
				CLANG_WARN_BLOCK_CAPTURE_AUTORELEASING = YES;
				CLANG_WARN_BOOL_CONVERSION = YES;
				CLANG_WARN_COMMA = YES;
				CLANG_WARN_CONSTANT_CONVERSION = YES;
				CLANG_WARN_DEPRECATED_OBJC_IMPLEMENTATIONS = YES;
				CLANG_WARN_DIRECT_OBJC_ISA_USAGE = YES_ERROR;
				CLANG_WARN_DOCUMENTATION_COMMENTS = YES;
				CLANG_WARN_EMPTY_BODY = YES;
				CLANG_WARN_ENUM_CONVERSION = YES;
				CLANG_WARN_INFINITE_RECURSION = YES;
				CLANG_WARN_INT_CONVERSION = YES;
				CLANG_WARN_NON_LITERAL_NULL_CONVERSION = YES;
				CLANG_WARN_OBJC_IMPLICIT_RETAIN_SELF = YES;
				CLANG_WARN_OBJC_LITERAL_CONVERSION = YES;
				CLANG_WARN_OBJC_ROOT_CLASS = YES_ERROR;
				CLANG_WARN_RANGE_LOOP_ANALYSIS = YES;
				CLANG_WARN_STRICT_PROTOTYPES = YES;
				CLANG_WARN_SUSPICIOUS_MOVE = YES;
				CLANG_WARN_UNGUARDED_AVAILABILITY = YES_AGGRESSIVE;
				CLANG_WARN_UNREACHABLE_CODE = YES;
				CLANG_WARN__DUPLICATE_METHOD_MATCH = YES;
				CODE_SIGN_IDENTITY = "iPhone Developer";
				COPY_PHASE_STRIP = NO;
				DEBUG_INFORMATION_FORMAT = "dwarf-with-dsym";
				ENABLE_NS_ASSERTIONS = NO;
				ENABLE_STRICT_OBJC_MSGSEND = YES;
				GCC_C_LANGUAGE_STANDARD = gnu11;
				GCC_NO_COMMON_BLOCKS = YES;
				GCC_WARN_64_TO_32_BIT_CONVERSION = YES;
				GCC_WARN_ABOUT_RETURN_TYPE = YES_ERROR;
				GCC_WARN_UNDECLARED_SELECTOR = YES;
				GCC_WARN_UNINITIALIZED_AUTOS = YES_AGGRESSIVE;
				GCC_WARN_UNUSED_FUNCTION = YES;
				GCC_WARN_UNUSED_VARIABLE = YES;
				IPHONEOS_DEPLOYMENT_TARGET = 12.4;
				MTL_ENABLE_DEBUG_INFO = NO;
				MTL_FAST_MATH = YES;
				SDKROOT = iphoneos;
				SWIFT_COMPILATION_MODE = wholemodule;
				SWIFT_OPTIMIZATION_LEVEL = "-O";
				VALIDATE_PRODUCT = YES;
			};
			name = Release;
		};
		1458D1752324D4320044E422 /* Debug */ = {
			isa = XCBuildConfiguration;
			baseConfigurationReference = D55F870E3CB4180547774332 /* Pods-InstagramFireBase.debug.xcconfig */;
			buildSettings = {
				ASSETCATALOG_COMPILER_APPICON_NAME = AppIcon;
				CODE_SIGN_STYLE = Automatic;
				DEVELOPMENT_TEAM = X447DSK2W2;
				INFOPLIST_FILE = InstagramFireBase/Info.plist;
				LD_RUNPATH_SEARCH_PATHS = (
					"$(inherited)",
					"@executable_path/Frameworks",
				);
				PRODUCT_BUNDLE_IDENTIFIER = com.hawk.InstagramFireBase;
				PRODUCT_NAME = "$(TARGET_NAME)";
				SWIFT_VERSION = 5.0;
				TARGETED_DEVICE_FAMILY = 1;
			};
			name = Debug;
		};
		1458D1762324D4320044E422 /* Release */ = {
			isa = XCBuildConfiguration;
			baseConfigurationReference = CF9BD84226D7D3E985FF7CEE /* Pods-InstagramFireBase.release.xcconfig */;
			buildSettings = {
				ASSETCATALOG_COMPILER_APPICON_NAME = AppIcon;
				CODE_SIGN_STYLE = Automatic;
				DEVELOPMENT_TEAM = X447DSK2W2;
				INFOPLIST_FILE = InstagramFireBase/Info.plist;
				LD_RUNPATH_SEARCH_PATHS = (
					"$(inherited)",
					"@executable_path/Frameworks",
				);
				PRODUCT_BUNDLE_IDENTIFIER = com.hawk.InstagramFireBase;
				PRODUCT_NAME = "$(TARGET_NAME)";
				SWIFT_VERSION = 5.0;
				TARGETED_DEVICE_FAMILY = 1;
			};
			name = Release;
		};
/* End XCBuildConfiguration section */

/* Begin XCConfigurationList section */
		1458D15D2324D4310044E422 /* Build configuration list for PBXProject "InstagramFireBase" */ = {
			isa = XCConfigurationList;
			buildConfigurations = (
				1458D1722324D4320044E422 /* Debug */,
				1458D1732324D4320044E422 /* Release */,
			);
			defaultConfigurationIsVisible = 0;
			defaultConfigurationName = Release;
		};
		1458D1742324D4320044E422 /* Build configuration list for PBXNativeTarget "InstagramFireBase" */ = {
			isa = XCConfigurationList;
			buildConfigurations = (
				1458D1752324D4320044E422 /* Debug */,
				1458D1762324D4320044E422 /* Release */,
			);
			defaultConfigurationIsVisible = 0;
			defaultConfigurationName = Release;
		};
/* End XCConfigurationList section */
	};
	rootObject = 1458D15A2324D4310044E422 /* Project object */;
}
